github.com/jebbisson/spice-adl-adplug v0.1.2 h1:L2HK4lbnqoayd14DaXsmcSn+4m7gY33+68F8ykprB1k=
github.com/jebbisson/spice-adl-adplug v0.1.2/go.mod h1:YjxTqPIAe4och+kYi9HF23Xib/MLbN0O/xcUFiRysPY=
github.com/jebbisson/spice-opl3-nuked v0.1.0 h1:0I1xI2pRwCyHCNpXv3yCga7k4a6kP+n+orHykrkmjls=
github.com/jebbisson/spice-opl3-nuked v0.1.0/go.mod h1:xD/6Jlx5T1UjQ+GfHm8sx4oOMqBoghjXC8oG9fDcq0Y=
